
Microsoft Visual Studio Solution File, Format Version 12.00
# Visual Studio Version 16
VisualStudioVersion = 16.0.30114.105
MinimumVisualStudioVersion = 10.0.40219.1
Project("{FAE04EC0-301F-11D3-BF4B-00C04F79EFBC}") = "API", "API\API.csproj", "{F6D973D3-FFE6-4978-839F-62BF49455416}"
EndProject
Project("{FAE04EC0-301F-11D3-BF4B-00C04F79EFBC}") = "Application", "Application\Application.csproj", "{EE25513F-DAB1-46C4-AD6F-C09CF4552453}"
EndProject
Project("{FAE04EC0-301F-11D3-BF4B-00C04F79EFBC}") = "Domain", "Domain\Domain.csproj", "{13AF09DE-5028-4C73-982F-F6AE4DAF18A9}"
EndProject
Project("{FAE04EC0-301F-11D3-BF4B-00C04F79EFBC}") = "Persistence", "Persistence\Persistence.csproj", "{F713031A-92C3-4EB9-84F2-AA8944F10A35}"
EndProject
Global
	GlobalSection(SolutionConfigurationPlatforms) = preSolution
		Debug|Any CPU = Debug|Any CPU
		Debug|x64 = Debug|x64
		Debug|x86 = Debug|x86
		Release|Any CPU = Release|Any CPU
		Release|x64 = Release|x64
		Release|x86 = Release|x86
	EndGlobalSection
	GlobalSection(SolutionProperties) = preSolution
		HideSolutionNode = FALSE
	EndGlobalSection
	GlobalSection(ProjectConfigurationPlatforms) = postSolution
		{F6D973D3-FFE6-4978-839F-62BF49455416}.Debug|Any CPU.ActiveCfg = Debug|Any CPU
		{F6D973D3-FFE6-4978-839F-62BF49455416}.Debug|Any CPU.Build.0 = Debug|Any CPU
		{F6D973D3-FFE6-4978-839F-62BF49455416}.Debug|x64.ActiveCfg = Debug|Any CPU
		{F6D973D3-FFE6-4978-839F-62BF49455416}.Debug|x64.Build.0 = Debug|Any CPU
		{F6D973D3-FFE6-4978-839F-62BF49455416}.Debug|x86.ActiveCfg = Debug|Any CPU
		{F6D973D3-FFE6-4978-839F-62BF49455416}.Debug|x86.Build.0 = Debug|Any CPU
		{F6D973D3-FFE6-4978-839F-62BF49455416}.Release|Any CPU.ActiveCfg = Release|Any CPU
		{F6D973D3-FFE6-4978-839F-62BF49455416}.Release|Any CPU.Build.0 = Release|Any CPU
		{F6D973D3-FFE6-4978-839F-62BF49455416}.Release|x64.ActiveCfg = Release|Any CPU
		{F6D973D3-FFE6-4978-839F-62BF49455416}.Release|x64.Build.0 = Release|Any CPU
		{F6D973D3-FFE6-4978-839F-62BF49455416}.Release|x86.ActiveCfg = Release|Any CPU
		{F6D973D3-FFE6-4978-839F-62BF49455416}.Release|x86.Build.0 = Release|Any CPU
		{EE25513F-DAB1-46C4-AD6F-C09CF4552453}.Debug|Any CPU.ActiveCfg = Debug|Any CPU
		{EE25513F-DAB1-46C4-AD6F-C09CF4552453}.Debug|Any CPU.Build.0 = Debug|Any CPU
		{EE25513F-DAB1-46C4-AD6F-C09CF4552453}.Debug|x64.ActiveCfg = Debug|Any CPU
		{EE25513F-DAB1-46C4-AD6F-C09CF4552453}.Debug|x64.Build.0 = Debug|Any CPU
		{EE25513F-DAB1-46C4-AD6F-C09CF4552453}.Debug|x86.ActiveCfg = Debug|Any CPU
		{EE25513F-DAB1-46C4-AD6F-C09CF4552453}.Debug|x86.Build.0 = Debug|Any CPU
		{EE25513F-DAB1-46C4-AD6F-C09CF4552453}.Release|Any CPU.ActiveCfg = Release|Any CPU
		{EE25513F-DAB1-46C4-AD6F-C09CF4552453}.Release|Any CPU.Build.0 = Release|Any CPU
		{EE25513F-DAB1-46C4-AD6F-C09CF4552453}.Release|x64.ActiveCfg = Release|Any CPU
		{EE25513F-DAB1-46C4-AD6F-C09CF4552453}.Release|x64.Build.0 = Release|Any CPU
		{EE25513F-DAB1-46C4-AD6F-C09CF4552453}.Release|x86.ActiveCfg = Release|Any CPU
		{EE25513F-DAB1-46C4-AD6F-C09CF4552453}.Release|x86.Build.0 = Release|Any CPU
		{13AF09DE-5028-4C73-982F-F6AE4DAF18A9}.Debug|Any CPU.ActiveCfg = Debug|Any CPU
		{13AF09DE-5028-4C73-982F-F6AE4DAF18A9}.Debug|Any CPU.Build.0 = Debug|Any CPU
		{13AF09DE-5028-4C73-982F-F6AE4DAF18A9}.Debug|x64.ActiveCfg = Debug|Any CPU
		{13AF09DE-5028-4C73-982F-F6AE4DAF18A9}.Debug|x64.Build.0 = Debug|Any CPU
		{13AF09DE-5028-4C73-982F-F6AE4DAF18A9}.Debug|x86.ActiveCfg = Debug|Any CPU
		{13AF09DE-5028-4C73-982F-F6AE4DAF18A9}.Debug|x86.Build.0 = Debug|Any CPU
		{13AF09DE-5028-4C73-982F-F6AE4DAF18A9}.Release|Any CPU.ActiveCfg = Release|Any CPU
		{13AF09DE-5028-4C73-982F-F6AE4DAF18A9}.Release|Any CPU.Build.0 = Release|Any CPU
		{13AF09DE-5028-4C73-982F-F6AE4DAF18A9}.Release|x64.ActiveCfg = Release|Any CPU
		{13AF09DE-5028-4C73-982F-F6AE4DAF18A9}.Release|x64.Build.0 = Release|Any CPU
		{13AF09DE-5028-4C73-982F-F6AE4DAF18A9}.Release|x86.ActiveCfg = Release|Any CPU
		{13AF09DE-5028-4C73-982F-F6AE4DAF18A9}.Release|x86.Build.0 = Release|Any CPU
		{F713031A-92C3-4EB9-84F2-AA8944F10A35}.Debug|Any CPU.ActiveCfg = Debug|Any CPU
		{F713031A-92C3-4EB9-84F2-AA8944F10A35}.Debug|Any CPU.Build.0 = Debug|Any CPU
		{F713031A-92C3-4EB9-84F2-AA8944F10A35}.Debug|x64.ActiveCfg = Debug|Any CPU
		{F713031A-92C3-4EB9-84F2-AA8944F10A35}.Debug|x64.Build.0 = Debug|Any CPU
		{F713031A-92C3-4EB9-84F2-AA8944F10A35}.Debug|x86.ActiveCfg = Debug|Any CPU
		{F713031A-92C3-4EB9-84F2-AA8944F10A35}.Debug|x86.Build.0 = Debug|Any CPU
		{F713031A-92C3-4EB9-84F2-AA8944F10A35}.Release|Any CPU.ActiveCfg = Release|Any CPU
		{F713031A-92C3-4EB9-84F2-AA8944F10A35}.Release|Any CPU.Build.0 = Release|Any CPU
		{F713031A-92C3-4EB9-84F2-AA8944F10A35}.Release|x64.ActiveCfg = Release|Any CPU
		{F713031A-92C3-4EB9-84F2-AA8944F10A35}.Release|x64.Build.0 = Release|Any CPU
		{F713031A-92C3-4EB9-84F2-AA8944F10A35}.Release|x86.ActiveCfg = Release|Any CPU
		{F713031A-92C3-4EB9-84F2-AA8944F10A35}.Release|x86.Build.0 = Release|Any CPU
	EndGlobalSection
EndGlobal
